
Microsoft Visual Studio Solution File, Format Version 12.00
# Visual Studio Version 16
VisualStudioVersion = 16.0.31729.503
MinimumVisualStudioVersion = 10.0.40219.1
Project("{FAE04EC0-301F-11D3-BF4B-00C04F79EFBC}") = "TaskManager", "TaskManager\TaskManager.csproj", "{AA59C1F2-0BDA-4995-A0E3-C55046C178A2}"
EndProject
Global
	GlobalSection(SolutionConfigurationPlatforms) = preSolution
		Debug|Any CPU = Debug|Any CPU
		Release|Any CPU = Release|Any CPU
	EndGlobalSection
	GlobalSection(ProjectConfigurationPlatforms) = postSolution
		{AA59C1F2-0BDA-4995-A0E3-C55046C178A2}.Debug|Any CPU.ActiveCfg = Debug|Any CPU
		{AA59C1F2-0BDA-4995-A0E3-C55046C178A2}.Debug|Any CPU.Build.0 = Debug|Any CPU
		{AA59C1F2-0BDA-4995-A0E3-C55046C178A2}.Release|Any CPU.ActiveCfg = Release|Any CPU
		{AA59C1F2-0BDA-4995-A0E3-C55046C178A2}.Release|Any CPU.Build.0 = Release|Any CPU
	EndGlobalSection
	GlobalSection(SolutionProperties) = preSolution
		HideSolutionNode = FALSE
	EndGlobalSection
	GlobalSection(ExtensibilityGlobals) = postSolution
		SolutionGuid = {1D4EC092-A9E5-4822-8E6D-F283F0766EF3}
	EndGlobalSection
EndGlobal
